
Microsoft Visual Studio Solution File, Format Version 12.00
# Visual Studio Version 16
VisualStudioVersion = 16.0.32413.511
MinimumVisualStudioVersion = 10.0.40219.1
Project("{FAE04EC0-301F-11D3-BF4B-00C04F79EFBC}") = "PCDeviceManage", "PCDeviceManage\PCDeviceManage.csproj", "{BA23375B-7850-4D36-B69A-E3A4E8A83077}"
EndProject
Project("{FAE04EC0-301F-11D3-BF4B-00C04F79EFBC}") = "ZyanInterface", "ZyanInterface\ZyanInterface.csproj", "{9C883DE5-A358-49F8-845D-98B072362E72}"
EndProject
Project("{FAE04EC0-301F-11D3-BF4B-00C04F79EFBC}") = "Monitorian.Supplement", "Monitorian.Supplement\Monitorian.Supplement.csproj", "{6E338214-E33C-4014-9BDD-6D914E6C536D}"
EndProject
Global
	GlobalSection(SolutionConfigurationPlatforms) = preSolution
		Debug|Any CPU = Debug|Any CPU
		Release|Any CPU = Release|Any CPU
	EndGlobalSection
	GlobalSection(ProjectConfigurationPlatforms) = postSolution
		{BA23375B-7850-4D36-B69A-E3A4E8A83077}.Debug|Any CPU.ActiveCfg = Debug|Any CPU
		{BA23375B-7850-4D36-B69A-E3A4E8A83077}.Debug|Any CPU.Build.0 = Debug|Any CPU
		{BA23375B-7850-4D36-B69A-E3A4E8A83077}.Release|Any CPU.ActiveCfg = Release|Any CPU
		{BA23375B-7850-4D36-B69A-E3A4E8A83077}.Release|Any CPU.Build.0 = Release|Any CPU
		{9C883DE5-A358-49F8-845D-98B072362E72}.Debug|Any CPU.ActiveCfg = Debug|Any CPU
		{9C883DE5-A358-49F8-845D-98B072362E72}.Debug|Any CPU.Build.0 = Debug|Any CPU
		{9C883DE5-A358-49F8-845D-98B072362E72}.Release|Any CPU.ActiveCfg = Release|Any CPU
		{9C883DE5-A358-49F8-845D-98B072362E72}.Release|Any CPU.Build.0 = Release|Any CPU
		{6E338214-E33C-4014-9BDD-6D914E6C536D}.Debug|Any CPU.ActiveCfg = Debug|Any CPU
		{6E338214-E33C-4014-9BDD-6D914E6C536D}.Debug|Any CPU.Build.0 = Debug|Any CPU
		{6E338214-E33C-4014-9BDD-6D914E6C536D}.Release|Any CPU.ActiveCfg = Release|Any CPU
		{6E338214-E33C-4014-9BDD-6D914E6C536D}.Release|Any CPU.Build.0 = Release|Any CPU
	EndGlobalSection
	GlobalSection(SolutionProperties) = preSolution
		HideSolutionNode = FALSE
	EndGlobalSection
	GlobalSection(ExtensibilityGlobals) = postSolution
		SolutionGuid = {ACFCB268-6B54-495D-8CFE-FE0690398B5F}
	EndGlobalSection
EndGlobal
